{
  "version": 4,
  "terraform_version": "0.12.20",
  "serial": 11,
  "lineage": "cab7a9f1-8836-8bce-1869-07a9682c4d39",
  "outputs": {},
  "resources": [
    {
      "mode": "data",
      "type": "aws_lambda_layer_version",
      "name": "pandas_layer",
      "provider": "provider.aws",
      "instances": [
        {
          "schema_version": 0,
          "attributes": {
            "arn": "arn:aws:lambda:us-east-1:801043672355:layer:pandas:3",
            "compatible_runtime": null,
            "compatible_runtimes": [
              "python3.6"
            ],
            "created_date": "2019-09-09T08:45:49.692+0000",
            "description": "third try, including numpy as dep",
            "id": "arn:aws:lambda:us-east-1:801043672355:layer:pandas:3",
            "layer_arn": "arn:aws:lambda:us-east-1:801043672355:layer:pandas",
            "layer_name": "pandas",
            "license_info": "",
            "source_code_hash": "84dV1hYlFEpwuIj1EB033x6W7ByQRALqpbbbP0rrYk4=",
            "source_code_size": 39850803,
            "version": 3
          }
        }
      ]
    },
    {
      "mode": "managed",
      "type": "aws_iam_role",
      "name": "iam_for_lambda",
      "provider": "provider.aws",
      "instances": [
        {
          "schema_version": 0,
          "attributes": {
            "arn": "arn:aws:iam::801043672355:role/iam_for_lambda",
            "assume_role_policy": "{\"Version\":\"2012-10-17\",\"Statement\":[{\"Sid\":\"\",\"Effect\":\"Allow\",\"Principal\":{\"Service\":\"lambda.amazonaws.com\"},\"Action\":\"sts:AssumeRole\"}]}",
            "create_date": "2020-02-05T23:35:47Z",
            "description": "",
            "force_detach_policies": false,
            "id": "iam_for_lambda",
            "max_session_duration": 3600,
            "name": "iam_for_lambda",
            "name_prefix": null,
            "path": "/",
            "permissions_boundary": null,
            "tags": {},
            "unique_id": "AROA3VAPMNUR6PPH3LIV5"
          },
          "private": "bnVsbA=="
        }
      ]
    },
    {
      "mode": "managed",
      "type": "aws_lambda_function",
      "name": "pro_ingestion_test",
      "provider": "provider.aws",
      "instances": [
        {
          "schema_version": 0,
          "attributes": {
            "arn": "arn:aws:lambda:us-east-1:801043672355:function:proIngestion-dev",
            "dead_letter_config": [],
            "description": "",
            "environment": [],
            "filename": "../src.zip",
            "function_name": "proIngestion-dev",
            "handler": "lambda_function.lambda_handler",
            "id": "proIngestion-dev",
            "invoke_arn": "arn:aws:apigateway:us-east-1:lambda:path/2015-03-31/functions/arn:aws:lambda:us-east-1:801043672355:function:proIngestion-dev/invocations",
            "kms_key_arn": "",
            "last_modified": "2020-02-06T00:00:16.260+0000",
            "layers": [
              "arn:aws:lambda:us-east-1:801043672355:layer:pandas:5"
            ],
            "memory_size": 128,
            "publish": false,
            "qualified_arn": "arn:aws:lambda:us-east-1:801043672355:function:proIngestion-dev:$LATEST",
            "reserved_concurrent_executions": -1,
            "role": "arn:aws:iam::801043672355:role/iam_for_lambda",
            "runtime": "python3.6",
            "s3_bucket": null,
            "s3_key": null,
            "s3_object_version": null,
            "source_code_hash": "/i3DvkqybY0eZbNcrRN2imbQLjX+Vpb2cEUbIeP+hgs=",
            "source_code_size": 4485,
            "tags": {},
            "timeout": 3,
            "timeouts": null,
            "tracing_config": [
              {
                "mode": "PassThrough"
              }
            ],
            "version": "$LATEST",
            "vpc_config": []
          },
          "private": "eyJlMmJmYjczMC1lY2FhLTExZTYtOGY4OC0zNDM2M2JjN2M0YzAiOnsiY3JlYXRlIjo2MDAwMDAwMDAwMDB9fQ==",
          "dependencies": [
            "aws_iam_role.iam_for_lambda",
            "aws_lambda_layer_version.pandas_layer"
          ]
        }
      ]
    },
    {
      "mode": "managed",
      "type": "aws_lambda_layer_version",
      "name": "pandas_layer",
      "provider": "provider.aws",
      "instances": [
        {
          "schema_version": 0,
          "attributes": {
            "arn": "arn:aws:lambda:us-east-1:801043672355:layer:pandas:5",
            "compatible_runtimes": [
              "python3.6"
            ],
            "created_date": "2020-02-05T23:59:53.083+0000",
            "description": "",
            "filename": "../layers/pandas.zip",
            "id": "arn:aws:lambda:us-east-1:801043672355:layer:pandas:5",
            "layer_arn": "arn:aws:lambda:us-east-1:801043672355:layer:pandas",
            "layer_name": "pandas",
            "license_info": "",
            "s3_bucket": null,
            "s3_key": null,
            "s3_object_version": null,
            "source_code_hash": "84dV1hYlFEpwuIj1EB033x6W7ByQRALqpbbbP0rrYk4=",
            "source_code_size": 39850803,
            "version": "5"
          },
          "private": "bnVsbA=="
        }
      ]
    }
  ]
}
